
Microsoft Visual Studio Solution File, Format Version 12.00
# Visual Studio Version 17
VisualStudioVersion = 17.11.35312.102
MinimumVisualStudioVersion = 10.0.40219.1
Project("{FAE04EC0-301F-11D3-BF4B-00C04F79EFBC}") = "Curso Filipe", "Curso Filipe.csproj", "{D219F04A-0A27-4EA8-BDCB-56FFC1BC6277}"
EndProject
Project("{2150E333-8FDC-42A3-9474-1A3956D46DE8}") = "Services", "Services", "{82A101CD-91D5-448B-A73F-2C986CEE22CF}"
EndProject
Project("{2150E333-8FDC-42A3-9474-1A3956D46DE8}") = "Entites", "Entites", "{D1212131-4845-4FB1-826B-3A57BA91AA9B}"
	ProjectSection(SolutionItems) = preProject
		Class1.cs = Class1.cs
	EndProjectSection
EndProject
Global
	GlobalSection(SolutionConfigurationPlatforms) = preSolution
		Debug|Any CPU = Debug|Any CPU
		Release|Any CPU = Release|Any CPU
	EndGlobalSection
	GlobalSection(ProjectConfigurationPlatforms) = postSolution
		{D219F04A-0A27-4EA8-BDCB-56FFC1BC6277}.Debug|Any CPU.ActiveCfg = Debug|Any CPU
		{D219F04A-0A27-4EA8-BDCB-56FFC1BC6277}.Debug|Any CPU.Build.0 = Debug|Any CPU
		{D219F04A-0A27-4EA8-BDCB-56FFC1BC6277}.Release|Any CPU.ActiveCfg = Release|Any CPU
		{D219F04A-0A27-4EA8-BDCB-56FFC1BC6277}.Release|Any CPU.Build.0 = Release|Any CPU
	EndGlobalSection
	GlobalSection(SolutionProperties) = preSolution
		HideSolutionNode = FALSE
	EndGlobalSection
	GlobalSection(ExtensibilityGlobals) = postSolution
		SolutionGuid = {C4224D1C-7E38-4739-B982-190875A87BFD}
	EndGlobalSection
EndGlobal
